// !$*UTF8*$!
{
	archiveVersion = 1;
	classes = {
	};
	objectVersion = 48;
	objects = {

/* Begin PBXBuildFile section */
		63194EB81FA18A6000987CBF /* AppDelegate.m in Sources */ = {isa = PBXBuildFile; fileRef = 63194EB71FA18A6000987CBF /* AppDelegate.m */; };
		63194EBB1FA18A6000987CBF /* ViewController.m in Sources */ = {isa = PBXBuildFile; fileRef = 63194EBA1FA18A6000987CBF /* ViewController.m */; };
		63194EBE1FA18A6000987CBF /* Main.storyboard in Resources */ = {isa = PBXBuildFile; fileRef = 63194EBC1FA18A6000987CBF /* Main.storyboard */; };
		63194EC01FA18A6000987CBF /* Assets.xcassets in Resources */ = {isa = PBXBuildFile; fileRef = 63194EBF1FA18A6000987CBF /* Assets.xcassets */; };
		63194EC31FA18A6000987CBF /* LaunchScreen.storyboard in Resources */ = {isa = PBXBuildFile; fileRef = 63194EC11FA18A6000987CBF /* LaunchScreen.storyboard */; };
		63194EC61FA18A6000987CBF /* main.m in Sources */ = {isa = PBXBuildFile; fileRef = 63194EC51FA18A6000987CBF /* main.m */; };
		63194ECF1FA18B5D00987CBF /* RQShineLabel.m in Sources */ = {isa = PBXBuildFile; fileRef = 63194ECE1FA18B5D00987CBF /* RQShineLabel.m */; };
		63194ED31FA18BCA00987CBF /* GifHelper.m in Sources */ = {isa = PBXBuildFile; fileRef = 63194ED21FA18BCA00987CBF /* GifHelper.m */; };
		63194ED71FA1C10600987CBF /* AZImageHelper.m in Sources */ = {isa = PBXBuildFile; fileRef = 63194ED61FA1C10600987CBF /* AZImageHelper.m */; };
/* End PBXBuildFile section */

/* Begin PBXFileReference section */
		63194EB31FA18A6000987CBF /* AZViewToGif.app */ = {isa = PBXFileReference; explicitFileType = wrapper.application; includeInIndex = 0; path = AZViewToGif.app; sourceTree = BUILT_PRODUCTS_DIR; };
		63194EB61FA18A6000987CBF /* AppDelegate.h */ = {isa = PBXFileReference; lastKnownFileType = sourcecode.c.h; path = AppDelegate.h; sourceTree = "<group>"; };
		63194EB71FA18A6000987CBF /* AppDelegate.m */ = {isa = PBXFileReference; lastKnownFileType = sourcecode.c.objc; path = AppDelegate.m; sourceTree = "<group>"; };
		63194EB91FA18A6000987CBF /* ViewController.h */ = {isa = PBXFileReference; lastKnownFileType = sourcecode.c.h; path = ViewController.h; sourceTree = "<group>"; };
		63194EBA1FA18A6000987CBF /* ViewController.m */ = {isa = PBXFileReference; lastKnownFileType = sourcecode.c.objc; path = ViewController.m; sourceTree = "<group>"; };
		63194EBD1FA18A6000987CBF /* Base */ = {isa = PBXFileReference; lastKnownFileType = file.storyboard; name = Base; path = Base.lproj/Main.storyboard; sourceTree = "<group>"; };
		63194EBF1FA18A6000987CBF /* Assets.xcassets */ = {isa = PBXFileReference; lastKnownFileType = folder.assetcatalog; path = Assets.xcassets; sourceTree = "<group>"; };
		63194EC21FA18A6000987CBF /* Base */ = {isa = PBXFileReference; lastKnownFileType = file.storyboard; name = Base; path = Base.lproj/LaunchScreen.storyboard; sourceTree = "<group>"; };
		63194EC41FA18A6000987CBF /* Info.plist */ = {isa = PBXFileReference; lastKnownFileType = text.plist.xml; path = Info.plist; sourceTree = "<group>"; };
		63194EC51FA18A6000987CBF /* main.m */ = {isa = PBXFileReference; lastKnownFileType = sourcecode.c.objc; path = main.m; sourceTree = "<group>"; };
		63194ECD1FA18B5D00987CBF /* RQShineLabel.h */ = {isa = PBXFileReference; fileEncoding = 4; lastKnownFileType = sourcecode.c.h; path = RQShineLabel.h; sourceTree = "<group>"; };
		63194ECE1FA18B5D00987CBF /* RQShineLabel.m */ = {isa = PBXFileReference; fileEncoding = 4; lastKnownFileType = sourcecode.c.objc; path = RQShineLabel.m; sourceTree = "<group>"; };
		63194ED11FA18BCA00987CBF /* GifHelper.h */ = {isa = PBXFileReference; fileEncoding = 4; lastKnownFileType = sourcecode.c.h; path = GifHelper.h; sourceTree = "<group>"; };
		63194ED21FA18BCA00987CBF /* GifHelper.m */ = {isa = PBXFileReference; fileEncoding = 4; lastKnownFileType = sourcecode.c.objc; path = GifHelper.m; sourceTree = "<group>"; };
		63194ED51FA1C10600987CBF /* AZImageHelper.h */ = {isa = PBXFileReference; lastKnownFileType = sourcecode.c.h; path = AZImageHelper.h; sourceTree = "<group>"; };
		63194ED61FA1C10600987CBF /* AZImageHelper.m */ = {isa = PBXFileReference; lastKnownFileType = sourcecode.c.objc; path = AZImageHelper.m; sourceTree = "<group>"; };
/* End PBXFileReference section */

/* Begin PBXFrameworksBuildPhase section */
		63194EB01FA18A6000987CBF /* Frameworks */ = {
			isa = PBXFrameworksBuildPhase;
			buildActionMask = 2147483647;
			files = (
			);
			runOnlyForDeploymentPostprocessing = 0;
		};
/* End PBXFrameworksBuildPhase section */

/* Begin PBXGroup section */
		63194EAA1FA18A6000987CBF = {
			isa = PBXGroup;
			children = (
				63194ED41FA1C0BE00987CBF /* AZImageHelper */,
				63194ED01FA18BA900987CBF /* GIFHelper */,
				63194ECC1FA18ADE00987CBF /* RQShineLabel */,
				63194EB51FA18A6000987CBF /* AZViewToGif */,
				63194EB41FA18A6000987CBF /* Products */,
			);
			sourceTree = "<group>";
		};
		63194EB41FA18A6000987CBF /* Products */ = {
			isa = PBXGroup;
			children = (
				63194EB31FA18A6000987CBF /* AZViewToGif.app */,
			);
			name = Products;
			sourceTree = "<group>";
		};
		63194EB51FA18A6000987CBF /* AZViewToGif */ = {
			isa = PBXGroup;
			children = (
				63194EB61FA18A6000987CBF /* AppDelegate.h */,
				63194EB71FA18A6000987CBF /* AppDelegate.m */,
				63194EB91FA18A6000987CBF /* ViewController.h */,
				63194EBA1FA18A6000987CBF /* ViewController.m */,
				63194EBC1FA18A6000987CBF /* Main.storyboard */,
				63194EBF1FA18A6000987CBF /* Assets.xcassets */,
				63194EC11FA18A6000987CBF /* LaunchScreen.storyboard */,
				63194EC41FA18A6000987CBF /* Info.plist */,
				63194EC51FA18A6000987CBF /* main.m */,
			);
			path = AZViewToGif;
			sourceTree = "<group>";
		};
		63194ECC1FA18ADE00987CBF /* RQShineLabel */ = {
			isa = PBXGroup;
			children = (
				63194ECD1FA18B5D00987CBF /* RQShineLabel.h */,
				63194ECE1FA18B5D00987CBF /* RQShineLabel.m */,
			);
			path = RQShineLabel;
			sourceTree = "<group>";
		};
		63194ED01FA18BA900987CBF /* GIFHelper */ = {
			isa = PBXGroup;
			children = (
				63194ED11FA18BCA00987CBF /* GifHelper.h */,
				63194ED21FA18BCA00987CBF /* GifHelper.m */,
			);
			path = GIFHelper;
			sourceTree = "<group>";
		};
		63194ED41FA1C0BE00987CBF /* AZImageHelper */ = {
			isa = PBXGroup;
			children = (
				63194ED51FA1C10600987CBF /* AZImageHelper.h */,
				63194ED61FA1C10600987CBF /* AZImageHelper.m */,
			);
			path = AZImageHelper;
			sourceTree = "<group>";
		};
/* End PBXGroup section */

/* Begin PBXNativeTarget section */
		63194EB21FA18A6000987CBF /* AZViewToGif */ = {
			isa = PBXNativeTarget;
			buildConfigurationList = 63194EC91FA18A6000987CBF /* Build configuration list for PBXNativeTarget "AZViewToGif" */;
			buildPhases = (
				63194EAF1FA18A6000987CBF /* Sources */,
				63194EB01FA18A6000987CBF /* Frameworks */,
				63194EB11FA18A6000987CBF /* Resources */,
			);
			buildRules = (
			);
			dependencies = (
			);
			name = AZViewToGif;
			productName = AZViewToGif;
			productReference = 63194EB31FA18A6000987CBF /* AZViewToGif.app */;
			productType = "com.apple.product-type.application";
		};
/* End PBXNativeTarget section */

/* Begin PBXProject section */
		63194EAB1FA18A6000987CBF /* Project object */ = {
			isa = PBXProject;
			attributes = {
				LastUpgradeCheck = 0910;
				ORGANIZATIONNAME = cocozzhang;
				TargetAttributes = {
					63194EB21FA18A6000987CBF = {
						CreatedOnToolsVersion = 9.1;
						ProvisioningStyle = Automatic;
					};
				};
			};
			buildConfigurationList = 63194EAE1FA18A6000987CBF /* Build configuration list for PBXProject "AZViewToGif" */;
			compatibilityVersion = "Xcode 8.0";
			developmentRegion = en;
			hasScannedForEncodings = 0;
			knownRegions = (
				en,
				Base,
			);
			mainGroup = 63194EAA1FA18A6000987CBF;
			productRefGroup = 63194EB41FA18A6000987CBF /* Products */;
			projectDirPath = "";
			projectRoot = "";
			targets = (
				63194EB21FA18A6000987CBF /* AZViewToGif */,
			);
		};
/* End PBXProject section */

/* Begin PBXResourcesBuildPhase section */
		63194EB11FA18A6000987CBF /* Resources */ = {
			isa = PBXResourcesBuildPhase;
			buildActionMask = 2147483647;
			files = (
				63194EC31FA18A6000987CBF /* LaunchScreen.storyboard in Resources */,
				63194EC01FA18A6000987CBF /* Assets.xcassets in Resources */,
				63194EBE1FA18A6000987CBF /* Main.storyboard in Resources */,
			);
			runOnlyForDeploymentPostprocessing = 0;
		};
/* End PBXResourcesBuildPhase section */

/* Begin PBXSourcesBuildPhase section */
		63194EAF1FA18A6000987CBF /* Sources */ = {
			isa = PBXSourcesBuildPhase;
			buildActionMask = 2147483647;
			files = (
				63194EBB1FA18A6000987CBF /* ViewController.m in Sources */,
				63194EC61FA18A6000987CBF /* main.m in Sources */,
				63194ED71FA1C10600987CBF /* AZImageHelper.m in Sources */,
				63194ED31FA18BCA00987CBF /* GifHelper.m in Sources */,
				63194EB81FA18A6000987CBF /* AppDelegate.m in Sources */,
				63194ECF1FA18B5D00987CBF /* RQShineLabel.m in Sources */,
			);
			runOnlyForDeploymentPostprocessing = 0;
		};
/* End PBXSourcesBuildPhase section */

/* Begin PBXVariantGroup section */
		63194EBC1FA18A6000987CBF /* Main.storyboard */ = {
			isa = PBXVariantGroup;
			children = (
				63194EBD1FA18A6000987CBF /* Base */,
			);
			name = Main.storyboard;
			sourceTree = "<group>";
		};
		63194EC11FA18A6000987CBF /* LaunchScreen.storyboard */ = {
			isa = PBXVariantGroup;
			children = (
				63194EC21FA18A6000987CBF /* Base */,
			);
			name = LaunchScreen.storyboard;
			sourceTree = "<group>";
		};
/* End PBXVariantGroup section */

/* Begin XCBuildConfiguration section */
		63194EC71FA18A6000987CBF /* Debug */ = {
			isa = XCBuildConfiguration;
			buildSettings = {
				ALWAYS_SEARCH_USER_PATHS = NO;
				CLANG_ANALYZER_NONNULL = YES;
				CLANG_ANALYZER_NUMBER_OBJECT_CONVERSION = YES_AGGRESSIVE;
				CLANG_CXX_LANGUAGE_STANDARD = "gnu++14";
				CLANG_CXX_LIBRARY = "libc++";
				CLANG_ENABLE_MODULES = YES;
				CLANG_ENABLE_OBJC_ARC = YES;
				CLANG_WARN_BLOCK_CAPTURE_AUTORELEASING = YES;
				CLANG_WARN_BOOL_CONVERSION = YES;
				CLANG_WARN_COMMA = YES;
				CLANG_WARN_CONSTANT_CONVERSION = YES;
				CLANG_WARN_DIRECT_OBJC_ISA_USAGE = YES_ERROR;
				CLANG_WARN_DOCUMENTATION_COMMENTS = YES;
				CLANG_WARN_EMPTY_BODY = YES;
				CLANG_WARN_ENUM_CONVERSION = YES;
				CLANG_WARN_INFINITE_RECURSION = YES;
				CLANG_WARN_INT_CONVERSION = YES;
				CLANG_WARN_NON_LITERAL_NULL_CONVERSION = YES;
				CLANG_WARN_OBJC_LITERAL_CONVERSION = YES;
				CLANG_WARN_OBJC_ROOT_CLASS = YES_ERROR;
				CLANG_WARN_RANGE_LOOP_ANALYSIS = YES;
				CLANG_WARN_STRICT_PROTOTYPES = YES;
				CLANG_WARN_SUSPICIOUS_MOVE = YES;
				CLANG_WARN_UNGUARDED_AVAILABILITY = YES_AGGRESSIVE;
				CLANG_WARN_UNREACHABLE_CODE = YES;
				CLANG_WARN__DUPLICATE_METHOD_MATCH = YES;
				CODE_SIGN_IDENTITY = "iPhone Developer";
				COPY_PHASE_STRIP = NO;
				DEBUG_INFORMATION_FORMAT = dwarf;
				ENABLE_STRICT_OBJC_MSGSEND = YES;
				ENABLE_TESTABILITY = YES;
				GCC_C_LANGUAGE_STANDARD = gnu11;
				GCC_DYNAMIC_NO_PIC = NO;
				GCC_NO_COMMON_BLOCKS = YES;
				GCC_OPTIMIZATION_LEVEL = 0;
				GCC_PREPROCESSOR_DEFINITIONS = (
					"DEBUG=1",
					"$(inherited)",
				);
				GCC_WARN_64_TO_32_BIT_CONVERSION = YES;
				GCC_WARN_ABOUT_RETURN_TYPE = YES_ERROR;
				GCC_WARN_UNDECLARED_SELECTOR = YES;
				GCC_WARN_UNINITIALIZED_AUTOS = YES_AGGRESSIVE;
				GCC_WARN_UNUSED_FUNCTION = YES;
				GCC_WARN_UNUSED_VARIABLE = YES;
				IPHONEOS_DEPLOYMENT_TARGET = 11.1;
				MTL_ENABLE_DEBUG_INFO = YES;
				ONLY_ACTIVE_ARCH = YES;
				SDKROOT = iphoneos;
			};
			name = Debug;
		};
		63194EC81FA18A6000987CBF /* Release */ = {
			isa = XCBuildConfiguration;
			buildSettings = {
				ALWAYS_SEARCH_USER_PATHS = NO;
				CLANG_ANALYZER_NONNULL = YES;
				CLANG_ANALYZER_NUMBER_OBJECT_CONVERSION = YES_AGGRESSIVE;
				CLANG_CXX_LANGUAGE_STANDARD = "gnu++14";
				CLANG_CXX_LIBRARY = "libc++";
				CLANG_ENABLE_MODULES = YES;
				CLANG_ENABLE_OBJC_ARC = YES;
				CLANG_WARN_BLOCK_CAPTURE_AUTORELEASING = YES;
				CLANG_WARN_BOOL_CONVERSION = YES;
				CLANG_WARN_COMMA = YES;
				CLANG_WARN_CONSTANT_CONVERSION = YES;
				CLANG_WARN_DIRECT_OBJC_ISA_USAGE = YES_ERROR;
				CLANG_WARN_DOCUMENTATION_COMMENTS = YES;
				CLANG_WARN_EMPTY_BODY = YES;
				CLANG_WARN_ENUM_CONVERSION = YES;
				CLANG_WARN_INFINITE_RECURSION = YES;
				CLANG_WARN_INT_CONVERSION = YES;
				CLANG_WARN_NON_LITERAL_NULL_CONVERSION = YES;
				CLANG_WARN_OBJC_LITERAL_CONVERSION = YES;
				CLANG_WARN_OBJC_ROOT_CLASS = YES_ERROR;
				CLANG_WARN_RANGE_LOOP_ANALYSIS = YES;
				CLANG_WARN_STRICT_PROTOTYPES = YES;
				CLANG_WARN_SUSPICIOUS_MOVE = YES;
				CLANG_WARN_UNGUARDED_AVAILABILITY = YES_AGGRESSIVE;
				CLANG_WARN_UNREACHABLE_CODE = YES;
				CLANG_WARN__DUPLICATE_METHOD_MATCH = YES;
				CODE_SIGN_IDENTITY = "iPhone Developer";
				COPY_PHASE_STRIP = NO;
				DEBUG_INFORMATION_FORMAT = "dwarf-with-dsym";
				ENABLE_NS_ASSERTIONS = NO;
				ENABLE_STRICT_OBJC_MSGSEND = YES;
				GCC_C_LANGUAGE_STANDARD = gnu11;
				GCC_NO_COMMON_BLOCKS = YES;
				GCC_WARN_64_TO_32_BIT_CONVERSION = YES;
				GCC_WARN_ABOUT_RETURN_TYPE = YES_ERROR;
				GCC_WARN_UNDECLARED_SELECTOR = YES;
				GCC_WARN_UNINITIALIZED_AUTOS = YES_AGGRESSIVE;
				GCC_WARN_UNUSED_FUNCTION = YES;
				GCC_WARN_UNUSED_VARIABLE = YES;
				IPHONEOS_DEPLOYMENT_TARGET = 11.1;
				MTL_ENABLE_DEBUG_INFO = NO;
				SDKROOT = iphoneos;
				VALIDATE_PRODUCT = YES;
			};
			name = Release;
		};
		63194ECA1FA18A6000987CBF /* Debug */ = {
			isa = XCBuildConfiguration;
			buildSettings = {
				ASSETCATALOG_COMPILER_APPICON_NAME = AppIcon;
				CODE_SIGN_STYLE = Automatic;
				DEVELOPMENT_TEAM = 7884U55YA7;
				INFOPLIST_FILE = AZViewToGif/Info.plist;
				IPHONEOS_DEPLOYMENT_TARGET = 9.0;
				LD_RUNPATH_SEARCH_PATHS = "$(inherited) @executable_path/Frameworks";
				PRODUCT_BUNDLE_IDENTIFIER = azz.AZViewToGif;
				PRODUCT_NAME = "$(TARGET_NAME)";
				TARGETED_DEVICE_FAMILY = "1,2";
			};
			name = Debug;
		};
		63194ECB1FA18A6000987CBF /* Release */ = {
			isa = XCBuildConfiguration;
			buildSettings = {
				ASSETCATALOG_COMPILER_APPICON_NAME = AppIcon;
				CODE_SIGN_STYLE = Automatic;
				DEVELOPMENT_TEAM = 7884U55YA7;
				INFOPLIST_FILE = AZViewToGif/Info.plist;
				IPHONEOS_DEPLOYMENT_TARGET = 9.0;
				LD_RUNPATH_SEARCH_PATHS = "$(inherited) @executable_path/Frameworks";
				PRODUCT_BUNDLE_IDENTIFIER = azz.AZViewToGif;
				PRODUCT_NAME = "$(TARGET_NAME)";
				TARGETED_DEVICE_FAMILY = "1,2";
			};
			name = Release;
		};
/* End XCBuildConfiguration section */

/* Begin XCConfigurationList section */
		63194EAE1FA18A6000987CBF /* Build configuration list for PBXProject "AZViewToGif" */ = {
			isa = XCConfigurationList;
			buildConfigurations = (
				63194EC71FA18A6000987CBF /* Debug */,
				63194EC81FA18A6000987CBF /* Release */,
			);
			defaultConfigurationIsVisible = 0;
			defaultConfigurationName = Release;
		};
		63194EC91FA18A6000987CBF /* Build configuration list for PBXNativeTarget "AZViewToGif" */ = {
			isa = XCConfigurationList;
			buildConfigurations = (
				63194ECA1FA18A6000987CBF /* Debug */,
				63194ECB1FA18A6000987CBF /* Release */,
			);
			defaultConfigurationIsVisible = 0;
			defaultConfigurationName = Release;
		};
/* End XCConfigurationList section */
	};
	rootObject = 63194EAB1FA18A6000987CBF /* Project object */;
}
